// !$*UTF8*$!
{
	archiveVersion = 1;
	classes = {
	};
	objectVersion = 50;
	objects = {

/* Begin PBXBuildFile section */
		06091EE725373FBB00654ED2 /* ApiCovidStatGateway.swift in Sources */ = {isa = PBXBuildFile; fileRef = 06091EE625373FBB00654ED2 /* ApiCovidStatGateway.swift */; };
		06091EEC2537418700654ED2 /* ApiService.swift in Sources */ = {isa = PBXBuildFile; fileRef = 06091EEB2537418700654ED2 /* ApiService.swift */; };
		06091EF3253758AA00654ED2 /* FetchSummariesApiRequest.swift in Sources */ = {isa = PBXBuildFile; fileRef = 06091EF2253758AA00654ED2 /* FetchSummariesApiRequest.swift */; };
		06091EFE25375A5800654ED2 /* FetchConfirmedApiRequest.swift in Sources */ = {isa = PBXBuildFile; fileRef = 06091EFD25375A5800654ED2 /* FetchConfirmedApiRequest.swift */; };
		06091F132537646B00654ED2 /* FetchSummariesApiResponse.swift in Sources */ = {isa = PBXBuildFile; fileRef = 06091F122537646B00654ED2 /* FetchSummariesApiResponse.swift */; };
		06091F18253764D800654ED2 /* ApiServiceRequest.swift in Sources */ = {isa = PBXBuildFile; fileRef = 06091F17253764D800654ED2 /* ApiServiceRequest.swift */; };
		06091F21253764F100654ED2 /* ApiServiceResponse.swift in Sources */ = {isa = PBXBuildFile; fileRef = 06091F20253764F100654ED2 /* ApiServiceResponse.swift */; };
		06091F2925376F6D00654ED2 /* FetchConfirmedApiResponse.swift in Sources */ = {isa = PBXBuildFile; fileRef = 06091F2825376F6D00654ED2 /* FetchConfirmedApiResponse.swift */; };
		06091F362537805300654ED2 /* CacheCovidStatGateway.swift in Sources */ = {isa = PBXBuildFile; fileRef = 06091F352537805300654ED2 /* CacheCovidStatGateway.swift */; };
		06091F3E25378D3E00654ED2 /* SummariesFetchingUseCase.swift in Sources */ = {isa = PBXBuildFile; fileRef = 06091F3D25378D3E00654ED2 /* SummariesFetchingUseCase.swift */; };
		06091F4325378D5300654ED2 /* DetailsFetchingUseCase.swift in Sources */ = {isa = PBXBuildFile; fileRef = 06091F4225378D5300654ED2 /* DetailsFetchingUseCase.swift */; };
		06091F4825378D7900654ED2 /* NotificationsStateUpdaterUseCase.swift in Sources */ = {isa = PBXBuildFile; fileRef = 06091F4725378D7900654ED2 /* NotificationsStateUpdaterUseCase.swift */; };
		06091F632537964500654ED2 /* DetailsViewController.swift in Sources */ = {isa = PBXBuildFile; fileRef = 06091F622537964500654ED2 /* DetailsViewController.swift */; };
		063B3D0E25379DA400CC62C6 /* SummariesRouter.swift in Sources */ = {isa = PBXBuildFile; fileRef = 063B3D0D25379DA400CC62C6 /* SummariesRouter.swift */; };
		063B3D1325379DBF00CC62C6 /* SummariesConfigurator.swift in Sources */ = {isa = PBXBuildFile; fileRef = 063B3D1225379DBF00CC62C6 /* SummariesConfigurator.swift */; };
		063B3D1825379DD300CC62C6 /* SummariesPresenter.swift in Sources */ = {isa = PBXBuildFile; fileRef = 063B3D1725379DD300CC62C6 /* SummariesPresenter.swift */; };
		063B3D1D25379DF900CC62C6 /* DetailsPresenter.swift in Sources */ = {isa = PBXBuildFile; fileRef = 063B3D1C25379DF900CC62C6 /* DetailsPresenter.swift */; };
		063B3D2525379E0B00CC62C6 /* DetailsConfigurator.swift in Sources */ = {isa = PBXBuildFile; fileRef = 063B3D2425379E0B00CC62C6 /* DetailsConfigurator.swift */; };
		063B3D2A2537A08500CC62C6 /* DetailsParameters.swift in Sources */ = {isa = PBXBuildFile; fileRef = 063B3D292537A08500CC62C6 /* DetailsParameters.swift */; };
		063B3D4E2537B53400CC62C6 /* SummaryViewModel.swift in Sources */ = {isa = PBXBuildFile; fileRef = 063B3D4D2537B53400CC62C6 /* SummaryViewModel.swift */; };
		063B3D5425387C7300CC62C6 /* SummariesView.xib in Resources */ = {isa = PBXBuildFile; fileRef = 063B3D5325387C7300CC62C6 /* SummariesView.xib */; };
		068EE2052538A76300534CF8 /* SummaryCollectionViewCell.swift in Sources */ = {isa = PBXBuildFile; fileRef = 068EE2032538A76300534CF8 /* SummaryCollectionViewCell.swift */; };
		068EE2062538A76300534CF8 /* SummaryCollectionViewCell.xib in Resources */ = {isa = PBXBuildFile; fileRef = 068EE2042538A76300534CF8 /* SummaryCollectionViewCell.xib */; };
		068EE20B2538B45000534CF8 /* DetailsView.xib in Resources */ = {isa = PBXBuildFile; fileRef = 068EE20A2538B45000534CF8 /* DetailsView.xib */; };
		068EE2172538B5C500534CF8 /* ConfirmedCollectionViewCell.swift in Sources */ = {isa = PBXBuildFile; fileRef = 068EE2152538B5C500534CF8 /* ConfirmedCollectionViewCell.swift */; };
		068EE2182538B5C500534CF8 /* ConfirmedCollectionViewCell.xib in Resources */ = {isa = PBXBuildFile; fileRef = 068EE2162538B5C500534CF8 /* ConfirmedCollectionViewCell.xib */; };
		068EE21D2538B5D700534CF8 /* ConfirmedViewModel.swift in Sources */ = {isa = PBXBuildFile; fileRef = 068EE21C2538B5D700534CF8 /* ConfirmedViewModel.swift */; };
		068EE2392538D70B00534CF8 /* DateExtensions.swift in Sources */ = {isa = PBXBuildFile; fileRef = 068EE2382538D70B00534CF8 /* DateExtensions.swift */; };
		068EE25E2538E9FD00534CF8 /* BaseNavigationController.swift in Sources */ = {isa = PBXBuildFile; fileRef = 068EE25D2538E9FD00534CF8 /* BaseNavigationController.swift */; };
		06C1E9E42535D4D100089322 /* AppDelegate.swift in Sources */ = {isa = PBXBuildFile; fileRef = 06C1E9E32535D4D100089322 /* AppDelegate.swift */; };
		06C1E9E62535D4D100089322 /* SceneDelegate.swift in Sources */ = {isa = PBXBuildFile; fileRef = 06C1E9E52535D4D100089322 /* SceneDelegate.swift */; };
		06C1E9E82535D4D100089322 /* SummariesViewController.swift in Sources */ = {isa = PBXBuildFile; fileRef = 06C1E9E72535D4D100089322 /* SummariesViewController.swift */; };
		06C1E9EB2535D4D100089322 /* Main.storyboard in Resources */ = {isa = PBXBuildFile; fileRef = 06C1E9E92535D4D100089322 /* Main.storyboard */; };
		06C1E9EE2535D4D100089322 /* CovidApp.xcdatamodeld in Sources */ = {isa = PBXBuildFile; fileRef = 06C1E9EC2535D4D100089322 /* CovidApp.xcdatamodeld */; };
		06C1E9F02535D4D200089322 /* Assets.xcassets in Resources */ = {isa = PBXBuildFile; fileRef = 06C1E9EF2535D4D200089322 /* Assets.xcassets */; };
		06C1E9F32535D4D200089322 /* LaunchScreen.storyboard in Resources */ = {isa = PBXBuildFile; fileRef = 06C1E9F12535D4D200089322 /* LaunchScreen.storyboard */; };
		06C1E9FE2535D4D200089322 /* CovidAppTests.swift in Sources */ = {isa = PBXBuildFile; fileRef = 06C1E9FD2535D4D200089322 /* CovidAppTests.swift */; };
		06C1EA092535D4D200089322 /* CovidAppUITests.swift in Sources */ = {isa = PBXBuildFile; fileRef = 06C1EA082535D4D200089322 /* CovidAppUITests.swift */; };
		06C1EA202535F20600089322 /* LocalPersistenceCovidStatGateway.swift in Sources */ = {isa = PBXBuildFile; fileRef = 06C1EA1F2535F20600089322 /* LocalPersistenceCovidStatGateway.swift */; };
		06C1EA272535F23800089322 /* CovidStatFetchingGateway.swift in Sources */ = {isa = PBXBuildFile; fileRef = 06C1EA262535F23800089322 /* CovidStatFetchingGateway.swift */; };
		06C1EA2D2535F3D200089322 /* CovidSummaryEntity.swift in Sources */ = {isa = PBXBuildFile; fileRef = 06C1EA2C2535F3D200089322 /* CovidSummaryEntity.swift */; };
		06C1EA352535F43F00089322 /* CovidDetailsEntity.swift in Sources */ = {isa = PBXBuildFile; fileRef = 06C1EA342535F43F00089322 /* CovidDetailsEntity.swift */; };
		06C1EA4F25360A0700089322 /* PersistenceService.swift in Sources */ = {isa = PBXBuildFile; fileRef = 06C1EA4E25360A0700089322 /* PersistenceService.swift */; };
		06C1EA952536369800089322 /* CoreError.swift in Sources */ = {isa = PBXBuildFile; fileRef = 06C1EA942536369800089322 /* CoreError.swift */; };
		06C1EAA12536531500089322 /* NSManagedObjectContextUtils.swift in Sources */ = {isa = PBXBuildFile; fileRef = 06C1EAA02536531500089322 /* NSManagedObjectContextUtils.swift */; };
		06C829B52536F6FB00429BA6 /* DBCovidDetailsEntity+CoreDataClass.swift in Sources */ = {isa = PBXBuildFile; fileRef = 06C829AF2536F6FA00429BA6 /* DBCovidDetailsEntity+CoreDataClass.swift */; };
		06C829B62536F6FB00429BA6 /* DBCovidDetailsEntity+CoreDataProperties.swift in Sources */ = {isa = PBXBuildFile; fileRef = 06C829B02536F6FB00429BA6 /* DBCovidDetailsEntity+CoreDataProperties.swift */; };
		06C829B72536F6FB00429BA6 /* DBConfirmedEntity+CoreDataClass.swift in Sources */ = {isa = PBXBuildFile; fileRef = 06C829B12536F6FB00429BA6 /* DBConfirmedEntity+CoreDataClass.swift */; };
		06C829B82536F6FB00429BA6 /* DBConfirmedEntity+CoreDataProperties.swift in Sources */ = {isa = PBXBuildFile; fileRef = 06C829B22536F6FB00429BA6 /* DBConfirmedEntity+CoreDataProperties.swift */; };
		06C829B92536F6FB00429BA6 /* DBCovidSummaryEntity+CoreDataClass.swift in Sources */ = {isa = PBXBuildFile; fileRef = 06C829B32536F6FB00429BA6 /* DBCovidSummaryEntity+CoreDataClass.swift */; };
		06C829BA2536F6FB00429BA6 /* DBCovidSummaryEntity+CoreDataProperties.swift in Sources */ = {isa = PBXBuildFile; fileRef = 06C829B42536F6FB00429BA6 /* DBCovidSummaryEntity+CoreDataProperties.swift */; };
		06C829C52536FA4B00429BA6 /* CovidStatPersistingGateway.swift in Sources */ = {isa = PBXBuildFile; fileRef = 06C829C42536FA4B00429BA6 /* CovidStatPersistingGateway.swift */; };
		06C829CA2536FAA400429BA6 /* CovidStatGateway.swift in Sources */ = {isa = PBXBuildFile; fileRef = 06C829C92536FAA400429BA6 /* CovidStatGateway.swift */; };
/* End PBXBuildFile section */

/* Begin PBXContainerItemProxy section */
		06C1E9FA2535D4D200089322 /* PBXContainerItemProxy */ = {
			isa = PBXContainerItemProxy;
			containerPortal = 06C1E9D82535D4D100089322 /* Project object */;
			proxyType = 1;
			remoteGlobalIDString = 06C1E9DF2535D4D100089322;
			remoteInfo = CovidApp;
		};
		06C1EA052535D4D200089322 /* PBXContainerItemProxy */ = {
			isa = PBXContainerItemProxy;
			containerPortal = 06C1E9D82535D4D100089322 /* Project object */;
			proxyType = 1;
			remoteGlobalIDString = 06C1E9DF2535D4D100089322;
			remoteInfo = CovidApp;
		};
/* End PBXContainerItemProxy section */

/* Begin PBXFileReference section */
		06091EE625373FBB00654ED2 /* ApiCovidStatGateway.swift */ = {isa = PBXFileReference; lastKnownFileType = sourcecode.swift; path = ApiCovidStatGateway.swift; sourceTree = "<group>"; };
		06091EEB2537418700654ED2 /* ApiService.swift */ = {isa = PBXFileReference; lastKnownFileType = sourcecode.swift; path = ApiService.swift; sourceTree = "<group>"; };
		06091EF2253758AA00654ED2 /* FetchSummariesApiRequest.swift */ = {isa = PBXFileReference; lastKnownFileType = sourcecode.swift; path = FetchSummariesApiRequest.swift; sourceTree = "<group>"; };
		06091EFD25375A5800654ED2 /* FetchConfirmedApiRequest.swift */ = {isa = PBXFileReference; lastKnownFileType = sourcecode.swift; path = FetchConfirmedApiRequest.swift; sourceTree = "<group>"; };
		06091F122537646B00654ED2 /* FetchSummariesApiResponse.swift */ = {isa = PBXFileReference; lastKnownFileType = sourcecode.swift; path = FetchSummariesApiResponse.swift; sourceTree = "<group>"; };
		06091F17253764D800654ED2 /* ApiServiceRequest.swift */ = {isa = PBXFileReference; lastKnownFileType = sourcecode.swift; path = ApiServiceRequest.swift; sourceTree = "<group>"; };
		06091F20253764F100654ED2 /* ApiServiceResponse.swift */ = {isa = PBXFileReference; lastKnownFileType = sourcecode.swift; path = ApiServiceResponse.swift; sourceTree = "<group>"; };
		06091F2825376F6D00654ED2 /* FetchConfirmedApiResponse.swift */ = {isa = PBXFileReference; lastKnownFileType = sourcecode.swift; path = FetchConfirmedApiResponse.swift; sourceTree = "<group>"; };
		06091F352537805300654ED2 /* CacheCovidStatGateway.swift */ = {isa = PBXFileReference; lastKnownFileType = sourcecode.swift; path = CacheCovidStatGateway.swift; sourceTree = "<group>"; };
		06091F3D25378D3E00654ED2 /* SummariesFetchingUseCase.swift */ = {isa = PBXFileReference; lastKnownFileType = sourcecode.swift; path = SummariesFetchingUseCase.swift; sourceTree = "<group>"; };
		06091F4225378D5300654ED2 /* DetailsFetchingUseCase.swift */ = {isa = PBXFileReference; lastKnownFileType = sourcecode.swift; path = DetailsFetchingUseCase.swift; sourceTree = "<group>"; };
		06091F4725378D7900654ED2 /* NotificationsStateUpdaterUseCase.swift */ = {isa = PBXFileReference; lastKnownFileType = sourcecode.swift; path = NotificationsStateUpdaterUseCase.swift; sourceTree = "<group>"; };
		06091F622537964500654ED2 /* DetailsViewController.swift */ = {isa = PBXFileReference; lastKnownFileType = sourcecode.swift; path = DetailsViewController.swift; sourceTree = "<group>"; };
		063B3D0D25379DA400CC62C6 /* SummariesRouter.swift */ = {isa = PBXFileReference; lastKnownFileType = sourcecode.swift; path = SummariesRouter.swift; sourceTree = "<group>"; };
		063B3D1225379DBF00CC62C6 /* SummariesConfigurator.swift */ = {isa = PBXFileReference; lastKnownFileType = sourcecode.swift; path = SummariesConfigurator.swift; sourceTree = "<group>"; };
		063B3D1725379DD300CC62C6 /* SummariesPresenter.swift */ = {isa = PBXFileReference; lastKnownFileType = sourcecode.swift; path = SummariesPresenter.swift; sourceTree = "<group>"; };
		063B3D1C25379DF900CC62C6 /* DetailsPresenter.swift */ = {isa = PBXFileReference; lastKnownFileType = sourcecode.swift; path = DetailsPresenter.swift; sourceTree = "<group>"; };
		063B3D2425379E0B00CC62C6 /* DetailsConfigurator.swift */ = {isa = PBXFileReference; lastKnownFileType = sourcecode.swift; path = DetailsConfigurator.swift; sourceTree = "<group>"; };
		063B3D292537A08500CC62C6 /* DetailsParameters.swift */ = {isa = PBXFileReference; lastKnownFileType = sourcecode.swift; path = DetailsParameters.swift; sourceTree = "<group>"; };
		063B3D4D2537B53400CC62C6 /* SummaryViewModel.swift */ = {isa = PBXFileReference; lastKnownFileType = sourcecode.swift; path = SummaryViewModel.swift; sourceTree = "<group>"; };
		063B3D5325387C7300CC62C6 /* SummariesView.xib */ = {isa = PBXFileReference; lastKnownFileType = file.xib; path = SummariesView.xib; sourceTree = "<group>"; };
		068EE2032538A76300534CF8 /* SummaryCollectionViewCell.swift */ = {isa = PBXFileReference; lastKnownFileType = sourcecode.swift; path = SummaryCollectionViewCell.swift; sourceTree = "<group>"; };
		068EE2042538A76300534CF8 /* SummaryCollectionViewCell.xib */ = {isa = PBXFileReference; lastKnownFileType = file.xib; path = SummaryCollectionViewCell.xib; sourceTree = "<group>"; };
		068EE20A2538B45000534CF8 /* DetailsView.xib */ = {isa = PBXFileReference; lastKnownFileType = file.xib; path = DetailsView.xib; sourceTree = "<group>"; };
		068EE2152538B5C500534CF8 /* ConfirmedCollectionViewCell.swift */ = {isa = PBXFileReference; lastKnownFileType = sourcecode.swift; path = ConfirmedCollectionViewCell.swift; sourceTree = "<group>"; };
		068EE2162538B5C500534CF8 /* ConfirmedCollectionViewCell.xib */ = {isa = PBXFileReference; lastKnownFileType = file.xib; path = ConfirmedCollectionViewCell.xib; sourceTree = "<group>"; };
		068EE21C2538B5D700534CF8 /* ConfirmedViewModel.swift */ = {isa = PBXFileReference; lastKnownFileType = sourcecode.swift; path = ConfirmedViewModel.swift; sourceTree = "<group>"; };
		068EE2382538D70B00534CF8 /* DateExtensions.swift */ = {isa = PBXFileReference; lastKnownFileType = sourcecode.swift; path = DateExtensions.swift; sourceTree = "<group>"; };
		068EE25D2538E9FD00534CF8 /* BaseNavigationController.swift */ = {isa = PBXFileReference; lastKnownFileType = sourcecode.swift; path = BaseNavigationController.swift; sourceTree = "<group>"; };
		06C1E9E02535D4D100089322 /* CovidApp.app */ = {isa = PBXFileReference; explicitFileType = wrapper.application; includeInIndex = 0; path = CovidApp.app; sourceTree = BUILT_PRODUCTS_DIR; };
		06C1E9E32535D4D100089322 /* AppDelegate.swift */ = {isa = PBXFileReference; lastKnownFileType = sourcecode.swift; path = AppDelegate.swift; sourceTree = "<group>"; };
		06C1E9E52535D4D100089322 /* SceneDelegate.swift */ = {isa = PBXFileReference; lastKnownFileType = sourcecode.swift; path = SceneDelegate.swift; sourceTree = "<group>"; };
		06C1E9E72535D4D100089322 /* SummariesViewController.swift */ = {isa = PBXFileReference; lastKnownFileType = sourcecode.swift; path = SummariesViewController.swift; sourceTree = "<group>"; };
		06C1E9EA2535D4D100089322 /* Base */ = {isa = PBXFileReference; lastKnownFileType = file.storyboard; name = Base; path = Base.lproj/Main.storyboard; sourceTree = "<group>"; };
		06C1E9ED2535D4D100089322 /* CovidApp.xcdatamodel */ = {isa = PBXFileReference; lastKnownFileType = wrapper.xcdatamodel; path = CovidApp.xcdatamodel; sourceTree = "<group>"; };
		06C1E9EF2535D4D200089322 /* Assets.xcassets */ = {isa = PBXFileReference; lastKnownFileType = folder.assetcatalog; path = Assets.xcassets; sourceTree = "<group>"; };
		06C1E9F22535D4D200089322 /* Base */ = {isa = PBXFileReference; lastKnownFileType = file.storyboard; name = Base; path = Base.lproj/LaunchScreen.storyboard; sourceTree = "<group>"; };
		06C1E9F42535D4D200089322 /* Info.plist */ = {isa = PBXFileReference; lastKnownFileType = text.plist.xml; path = Info.plist; sourceTree = "<group>"; };
		06C1E9F92535D4D200089322 /* CovidAppTests.xctest */ = {isa = PBXFileReference; explicitFileType = wrapper.cfbundle; includeInIndex = 0; path = CovidAppTests.xctest; sourceTree = BUILT_PRODUCTS_DIR; };
		06C1E9FD2535D4D200089322 /* CovidAppTests.swift */ = {isa = PBXFileReference; lastKnownFileType = sourcecode.swift; path = CovidAppTests.swift; sourceTree = "<group>"; };
		06C1E9FF2535D4D200089322 /* Info.plist */ = {isa = PBXFileReference; lastKnownFileType = text.plist.xml; path = Info.plist; sourceTree = "<group>"; };
		06C1EA042535D4D200089322 /* CovidAppUITests.xctest */ = {isa = PBXFileReference; explicitFileType = wrapper.cfbundle; includeInIndex = 0; path = CovidAppUITests.xctest; sourceTree = BUILT_PRODUCTS_DIR; };
		06C1EA082535D4D200089322 /* CovidAppUITests.swift */ = {isa = PBXFileReference; lastKnownFileType = sourcecode.swift; path = CovidAppUITests.swift; sourceTree = "<group>"; };
		06C1EA0A2535D4D200089322 /* Info.plist */ = {isa = PBXFileReference; lastKnownFileType = text.plist.xml; path = Info.plist; sourceTree = "<group>"; };
		06C1EA1F2535F20600089322 /* LocalPersistenceCovidStatGateway.swift */ = {isa = PBXFileReference; lastKnownFileType = sourcecode.swift; path = LocalPersistenceCovidStatGateway.swift; sourceTree = "<group>"; };
		06C1EA262535F23800089322 /* CovidStatFetchingGateway.swift */ = {isa = PBXFileReference; lastKnownFileType = sourcecode.swift; path = CovidStatFetchingGateway.swift; sourceTree = "<group>"; };
		06C1EA2C2535F3D200089322 /* CovidSummaryEntity.swift */ = {isa = PBXFileReference; lastKnownFileType = sourcecode.swift; path = CovidSummaryEntity.swift; sourceTree = "<group>"; };
		06C1EA342535F43F00089322 /* CovidDetailsEntity.swift */ = {isa = PBXFileReference; lastKnownFileType = sourcecode.swift; path = CovidDetailsEntity.swift; sourceTree = "<group>"; };
		06C1EA4E25360A0700089322 /* PersistenceService.swift */ = {isa = PBXFileReference; lastKnownFileType = sourcecode.swift; path = PersistenceService.swift; sourceTree = "<group>"; };
		06C1EA942536369800089322 /* CoreError.swift */ = {isa = PBXFileReference; lastKnownFileType = sourcecode.swift; path = CoreError.swift; sourceTree = "<group>"; };
		06C1EAA02536531500089322 /* NSManagedObjectContextUtils.swift */ = {isa = PBXFileReference; lastKnownFileType = sourcecode.swift; path = NSManagedObjectContextUtils.swift; sourceTree = "<group>"; };
		06C829AF2536F6FA00429BA6 /* DBCovidDetailsEntity+CoreDataClass.swift */ = {isa = PBXFileReference; lastKnownFileType = sourcecode.swift; path = "DBCovidDetailsEntity+CoreDataClass.swift"; sourceTree = "<group>"; };
		06C829B02536F6FB00429BA6 /* DBCovidDetailsEntity+CoreDataProperties.swift */ = {isa = PBXFileReference; lastKnownFileType = sourcecode.swift; path = "DBCovidDetailsEntity+CoreDataProperties.swift"; sourceTree = "<group>"; };
		06C829B12536F6FB00429BA6 /* DBConfirmedEntity+CoreDataClass.swift */ = {isa = PBXFileReference; lastKnownFileType = sourcecode.swift; path = "DBConfirmedEntity+CoreDataClass.swift"; sourceTree = "<group>"; };
		06C829B22536F6FB00429BA6 /* DBConfirmedEntity+CoreDataProperties.swift */ = {isa = PBXFileReference; lastKnownFileType = sourcecode.swift; path = "DBConfirmedEntity+CoreDataProperties.swift"; sourceTree = "<group>"; };
		06C829B32536F6FB00429BA6 /* DBCovidSummaryEntity+CoreDataClass.swift */ = {isa = PBXFileReference; lastKnownFileType = sourcecode.swift; path = "DBCovidSummaryEntity+CoreDataClass.swift"; sourceTree = "<group>"; };
		06C829B42536F6FB00429BA6 /* DBCovidSummaryEntity+CoreDataProperties.swift */ = {isa = PBXFileReference; lastKnownFileType = sourcecode.swift; path = "DBCovidSummaryEntity+CoreDataProperties.swift"; sourceTree = "<group>"; };
		06C829C42536FA4B00429BA6 /* CovidStatPersistingGateway.swift */ = {isa = PBXFileReference; lastKnownFileType = sourcecode.swift; path = CovidStatPersistingGateway.swift; sourceTree = "<group>"; };
		06C829C92536FAA400429BA6 /* CovidStatGateway.swift */ = {isa = PBXFileReference; lastKnownFileType = sourcecode.swift; path = CovidStatGateway.swift; sourceTree = "<group>"; };
/* End PBXFileReference section */

/* Begin PBXFrameworksBuildPhase section */
		06C1E9DD2535D4D100089322 /* Frameworks */ = {
			isa = PBXFrameworksBuildPhase;
			buildActionMask = 2147483647;
			files = (
			);
			runOnlyForDeploymentPostprocessing = 0;
		};
		06C1E9F62535D4D200089322 /* Frameworks */ = {
			isa = PBXFrameworksBuildPhase;
			buildActionMask = 2147483647;
			files = (
			);
			runOnlyForDeploymentPostprocessing = 0;
		};
		06C1EA012535D4D200089322 /* Frameworks */ = {
			isa = PBXFrameworksBuildPhase;
			buildActionMask = 2147483647;
			files = (
			);
			runOnlyForDeploymentPostprocessing = 0;
		};
/* End PBXFrameworksBuildPhase section */

/* Begin PBXGroup section */
		06091ED22537173700654ED2 /* API */ = {
			isa = PBXGroup;
			children = (
				06091EE125371D1200654ED2 /* Common */,
				06091ED3253717B600654ED2 /* Gateways */,
			);
			path = API;
			sourceTree = "<group>";
		};
		06091ED3253717B600654ED2 /* Gateways */ = {
			isa = PBXGroup;
			children = (
				06091EE625373FBB00654ED2 /* ApiCovidStatGateway.swift */,
			);
			path = Gateways;
			sourceTree = "<group>";
		};
		06091EE125371D1200654ED2 /* Common */ = {
			isa = PBXGroup;
			children = (
				06091EF02537511E00654ED2 /* Requests and Responses */,
				06091EEB2537418700654ED2 /* ApiService.swift */,
			);
			path = Common;
			sourceTree = "<group>";
		};
		06091EF02537511E00654ED2 /* Requests and Responses */ = {
			isa = PBXGroup;
			children = (
				06091F1F253764E100654ED2 /* Common */,
				06091EF12537588A00654ED2 /* Summaries */,
				06091EF725375A1D00654ED2 /* Details */,
			);
			path = "Requests and Responses";
			sourceTree = "<group>";
		};
		06091EF12537588A00654ED2 /* Summaries */ = {
			isa = PBXGroup;
			children = (
				06091EFC25375A2F00654ED2 /* Fetch */,
			);
			path = Summaries;
			sourceTree = "<group>";
		};
		06091EF725375A1D00654ED2 /* Details */ = {
			isa = PBXGroup;
			children = (
				06091EF825375A2200654ED2 /* Confirmed */,
			);
			path = Details;
			sourceTree = "<group>";
		};
		06091EF825375A2200654ED2 /* Confirmed */ = {
			isa = PBXGroup;
			children = (
				06091F0225375B0F00654ED2 /* Fetch */,
			);
			path = Confirmed;
			sourceTree = "<group>";
		};
		06091EFC25375A2F00654ED2 /* Fetch */ = {
			isa = PBXGroup;
			children = (
				06091EF2253758AA00654ED2 /* FetchSummariesApiRequest.swift */,
				06091F122537646B00654ED2 /* FetchSummariesApiResponse.swift */,
			);
			path = Fetch;
			sourceTree = "<group>";
		};
		06091F0225375B0F00654ED2 /* Fetch */ = {
			isa = PBXGroup;
			children = (
				06091EFD25375A5800654ED2 /* FetchConfirmedApiRequest.swift */,
				06091F2825376F6D00654ED2 /* FetchConfirmedApiResponse.swift */,
			);
			path = Fetch;
			sourceTree = "<group>";
		};
		06091F1F253764E100654ED2 /* Common */ = {
			isa = PBXGroup;
			children = (
				06091F17253764D800654ED2 /* ApiServiceRequest.swift */,
				06091F20253764F100654ED2 /* ApiServiceResponse.swift */,
			);
			path = Common;
			sourceTree = "<group>";
		};
		06091F3025377F8500654ED2 /* Cache */ = {
			isa = PBXGroup;
			children = (
				06091F342537803900654ED2 /* Gateways */,
			);
			path = Cache;
			sourceTree = "<group>";
		};
		06091F342537803900654ED2 /* Gateways */ = {
			isa = PBXGroup;
			children = (
				06091F352537805300654ED2 /* CacheCovidStatGateway.swift */,
			);
			path = Gateways;
			sourceTree = "<group>";
		};
		06091F582537952E00654ED2 /* Supporting Files */ = {
			isa = PBXGroup;
			children = (
				06C1E9E32535D4D100089322 /* AppDelegate.swift */,
				06C1E9E52535D4D100089322 /* SceneDelegate.swift */,
				06C1E9E92535D4D100089322 /* Main.storyboard */,
				06C1E9EF2535D4D200089322 /* Assets.xcassets */,
				06C1E9F12535D4D200089322 /* LaunchScreen.storyboard */,
			);
			path = "Supporting Files";
			sourceTree = "<group>";
		};
		06091F5F253795D800654ED2 /* Scenes */ = {
			isa = PBXGroup;
			children = (
				068EE25B2538E9C900534CF8 /* Common */,
				06091F60253795EF00654ED2 /* Summaries */,
				06091F61253795F900654ED2 /* Details */,
			);
			path = Scenes;
			sourceTree = "<group>";
		};
		06091F60253795EF00654ED2 /* Summaries */ = {
			isa = PBXGroup;
			children = (
				063B3D402537AF4500CC62C6 /* Common */,
				063B3D5325387C7300CC62C6 /* SummariesView.xib */,
				06C1E9E72535D4D100089322 /* SummariesViewController.swift */,
				063B3D1725379DD300CC62C6 /* SummariesPresenter.swift */,
				063B3D0D25379DA400CC62C6 /* SummariesRouter.swift */,
				063B3D1225379DBF00CC62C6 /* SummariesConfigurator.swift */,
			);
			path = Summaries;
			sourceTree = "<group>";
		};
		06091F61253795F900654ED2 /* Details */ = {
			isa = PBXGroup;
			children = (
				068EE2122538B59D00534CF8 /* Common */,
				068EE20A2538B45000534CF8 /* DetailsView.xib */,
				06091F622537964500654ED2 /* DetailsViewController.swift */,
				063B3D1C25379DF900CC62C6 /* DetailsPresenter.swift */,
				063B3D2425379E0B00CC62C6 /* DetailsConfigurator.swift */,
				063B3D292537A08500CC62C6 /* DetailsParameters.swift */,
			);
			path = Details;
			sourceTree = "<group>";
		};
		063B3D402537AF4500CC62C6 /* Common */ = {
			isa = PBXGroup;
			children = (
				063B3D412537AF5800CC62C6 /* Views */,
			);
			path = Common;
			sourceTree = "<group>";
		};
		063B3D412537AF5800CC62C6 /* Views */ = {
			isa = PBXGroup;
			children = (
				063B3D422537AF5F00CC62C6 /* Summary Cell */,
			);
			path = Views;
			sourceTree = "<group>";
		};
		063B3D422537AF5F00CC62C6 /* Summary Cell */ = {
			isa = PBXGroup;
			children = (
				063B3D4D2537B53400CC62C6 /* SummaryViewModel.swift */,
				068EE2032538A76300534CF8 /* SummaryCollectionViewCell.swift */,
				068EE2042538A76300534CF8 /* SummaryCollectionViewCell.xib */,
			);
			path = "Summary Cell";
			sourceTree = "<group>";
		};
		068EE2122538B59D00534CF8 /* Common */ = {
			isa = PBXGroup;
			children = (
				068EE2132538B5A300534CF8 /* Views */,
			);
			path = Common;
			sourceTree = "<group>";
		};
		068EE2132538B5A300534CF8 /* Views */ = {
			isa = PBXGroup;
			children = (
				068EE2142538B5AD00534CF8 /* Confirmed Cell */,
			);
			path = Views;
			sourceTree = "<group>";
		};
		068EE2142538B5AD00534CF8 /* Confirmed Cell */ = {
			isa = PBXGroup;
			children = (
				068EE21C2538B5D700534CF8 /* ConfirmedViewModel.swift */,
				068EE2152538B5C500534CF8 /* ConfirmedCollectionViewCell.swift */,
				068EE2162538B5C500534CF8 /* ConfirmedCollectionViewCell.xib */,
			);
			path = "Confirmed Cell";
			sourceTree = "<group>";
		};
		068EE2362538D6D500534CF8 /* Common */ = {
			isa = PBXGroup;
			children = (
				068EE2372538D6DB00534CF8 /* Extensions */,
			);
			path = Common;
			sourceTree = "<group>";
		};
		068EE2372538D6DB00534CF8 /* Extensions */ = {
			isa = PBXGroup;
			children = (
				068EE2382538D70B00534CF8 /* DateExtensions.swift */,
			);
			path = Extensions;
			sourceTree = "<group>";
		};
		068EE25B2538E9C900534CF8 /* Common */ = {
			isa = PBXGroup;
			children = (
				068EE25C2538E9D100534CF8 /* Navigation Controller */,
			);
			path = Common;
			sourceTree = "<group>";
		};
		068EE25C2538E9D100534CF8 /* Navigation Controller */ = {
			isa = PBXGroup;
			children = (
				068EE25D2538E9FD00534CF8 /* BaseNavigationController.swift */,
			);
			path = "Navigation Controller";
			sourceTree = "<group>";
		};
		06C1E9D72535D4D100089322 = {
			isa = PBXGroup;
			children = (
				06C1E9E22535D4D100089322 /* CovidApp */,
				06C1E9FC2535D4D200089322 /* CovidAppTests */,
				06C1EA072535D4D200089322 /* CovidAppUITests */,
				06C1E9E12535D4D100089322 /* Products */,
			);
			sourceTree = "<group>";
		};
		06C1E9E12535D4D100089322 /* Products */ = {
			isa = PBXGroup;
			children = (
				06C1E9E02535D4D100089322 /* CovidApp.app */,
				06C1E9F92535D4D200089322 /* CovidAppTests.xctest */,
				06C1EA042535D4D200089322 /* CovidAppUITests.xctest */,
			);
			name = Products;
			sourceTree = "<group>";
		};
		06C1E9E22535D4D100089322 /* CovidApp */ = {
			isa = PBXGroup;
			children = (
				068EE2362538D6D500534CF8 /* Common */,
				06091F5F253795D800654ED2 /* Scenes */,
				06C1EA242535F21800089322 /* Core */,
				06C1EA1C2535ECCC00089322 /* Entity Gateway */,
				06091F582537952E00654ED2 /* Supporting Files */,
				06C1E9F42535D4D200089322 /* Info.plist */,
			);
			path = CovidApp;
			sourceTree = "<group>";
		};
		06C1E9FC2535D4D200089322 /* CovidAppTests */ = {
			isa = PBXGroup;
			children = (
				06C1E9FD2535D4D200089322 /* CovidAppTests.swift */,
				06C1E9FF2535D4D200089322 /* Info.plist */,
			);
			path = CovidAppTests;
			sourceTree = "<group>";
		};
		06C1EA072535D4D200089322 /* CovidAppUITests */ = {
			isa = PBXGroup;
			children = (
				06C1EA082535D4D200089322 /* CovidAppUITests.swift */,
				06C1EA0A2535D4D200089322 /* Info.plist */,
			);
			path = CovidAppUITests;
			sourceTree = "<group>";
		};
		06C1EA1C2535ECCC00089322 /* Entity Gateway */ = {
			isa = PBXGroup;
			children = (
				06091ED22537173700654ED2 /* API */,
				06C1EA1D2535ECEF00089322 /* Local Persistence */,
				06091F3025377F8500654ED2 /* Cache */,
			);
			path = "Entity Gateway";
			sourceTree = "<group>";
		};
		06C1EA1D2535ECEF00089322 /* Local Persistence */ = {
			isa = PBXGroup;
			children = (
				06C1EA4A253609C200089322 /* Common */,
				06C1EA1E2535F09E00089322 /* Gateways */,
			);
			path = "Local Persistence";
			sourceTree = "<group>";
		};
		06C1EA1E2535F09E00089322 /* Gateways */ = {
			isa = PBXGroup;
			children = (
				06C1EA1F2535F20600089322 /* LocalPersistenceCovidStatGateway.swift */,
			);
			path = Gateways;
			sourceTree = "<group>";
		};
		06C1EA242535F21800089322 /* Core */ = {
			isa = PBXGroup;
			children = (
				06C1EA9C2536397D00089322 /* Common */,
				06C829CE2537045900429BA6 /* UseCases */,
				06C1EA2B2535F35100089322 /* Entities */,
				06C1EA252535F21F00089322 /* Gateways */,
			);
			path = Core;
			sourceTree = "<group>";
		};
		06C1EA252535F21F00089322 /* Gateways */ = {
			isa = PBXGroup;
			children = (
				06C1EA262535F23800089322 /* CovidStatFetchingGateway.swift */,
				06C829C42536FA4B00429BA6 /* CovidStatPersistingGateway.swift */,
				06C829C92536FAA400429BA6 /* CovidStatGateway.swift */,
			);
			path = Gateways;
			sourceTree = "<group>";
		};
		06C1EA2B2535F35100089322 /* Entities */ = {
			isa = PBXGroup;
			children = (
				06C1EA2C2535F3D200089322 /* CovidSummaryEntity.swift */,
				06C1EA342535F43F00089322 /* CovidDetailsEntity.swift */,
			);
			path = Entities;
			sourceTree = "<group>";
		};
		06C1EA4A253609C200089322 /* Common */ = {
			isa = PBXGroup;
			children = (
				06C1EA5425361ACB00089322 /* Entities */,
				06C1E9EC2535D4D100089322 /* CovidApp.xcdatamodeld */,
				06C1EA4E25360A0700089322 /* PersistenceService.swift */,
				06C1EAA02536531500089322 /* NSManagedObjectContextUtils.swift */,
			);
			path = Common;
			sourceTree = "<group>";
		};
		06C1EA5425361ACB00089322 /* Entities */ = {
			isa = PBXGroup;
			children = (
				06C829AF2536F6FA00429BA6 /* DBCovidDetailsEntity+CoreDataClass.swift */,
				06C829B02536F6FB00429BA6 /* DBCovidDetailsEntity+CoreDataProperties.swift */,
				06C829B12536F6FB00429BA6 /* DBConfirmedEntity+CoreDataClass.swift */,
				06C829B22536F6FB00429BA6 /* DBConfirmedEntity+CoreDataProperties.swift */,
				06C829B32536F6FB00429BA6 /* DBCovidSummaryEntity+CoreDataClass.swift */,
				06C829B42536F6FB00429BA6 /* DBCovidSummaryEntity+CoreDataProperties.swift */,
			);
			path = Entities;
			sourceTree = "<group>";
		};
		06C1EA932536368500089322 /* Error */ = {
			isa = PBXGroup;
			children = (
				06C1EA942536369800089322 /* CoreError.swift */,
			);
			path = Error;
			sourceTree = "<group>";
		};
		06C1EA9C2536397D00089322 /* Common */ = {
			isa = PBXGroup;
			children = (
				06C1EA932536368500089322 /* Error */,
			);
			path = Common;
			sourceTree = "<group>";
		};
		06C829CE2537045900429BA6 /* UseCases */ = {
			isa = PBXGroup;
			children = (
				06C829CF2537047D00429BA6 /* Summaries Fetching */,
				06C829D02537056300429BA6 /* Details Fetching */,
				06C829D12537066500429BA6 /* Notifications State Updater */,
			);
			path = UseCases;
			sourceTree = "<group>";
		};
		06C829CF2537047D00429BA6 /* Summaries Fetching */ = {
			isa = PBXGroup;
			children = (
				06091F3D25378D3E00654ED2 /* SummariesFetchingUseCase.swift */,
			);
			path = "Summaries Fetching";
			sourceTree = "<group>";
		};
		06C829D02537056300429BA6 /* Details Fetching */ = {
			isa = PBXGroup;
			children = (
				06091F4225378D5300654ED2 /* DetailsFetchingUseCase.swift */,
			);
			path = "Details Fetching";
			sourceTree = "<group>";
		};
		06C829D12537066500429BA6 /* Notifications State Updater */ = {
			isa = PBXGroup;
			children = (
				06091F4725378D7900654ED2 /* NotificationsStateUpdaterUseCase.swift */,
			);
			path = "Notifications State Updater";
			sourceTree = "<group>";
		};
/* End PBXGroup section */

/* Begin PBXNativeTarget section */
		06C1E9DF2535D4D100089322 /* CovidApp */ = {
			isa = PBXNativeTarget;
			buildConfigurationList = 06C1EA0D2535D4D200089322 /* Build configuration list for PBXNativeTarget "CovidApp" */;
			buildPhases = (
				06C1E9DC2535D4D100089322 /* Sources */,
				06C1E9DD2535D4D100089322 /* Frameworks */,
				06C1E9DE2535D4D100089322 /* Resources */,
			);
			buildRules = (
			);
			dependencies = (
			);
			name = CovidApp;
			productName = CovidApp;
			productReference = 06C1E9E02535D4D100089322 /* CovidApp.app */;
			productType = "com.apple.product-type.application";
		};
		06C1E9F82535D4D200089322 /* CovidAppTests */ = {
			isa = PBXNativeTarget;
			buildConfigurationList = 06C1EA102535D4D200089322 /* Build configuration list for PBXNativeTarget "CovidAppTests" */;
			buildPhases = (
				06C1E9F52535D4D200089322 /* Sources */,
				06C1E9F62535D4D200089322 /* Frameworks */,
				06C1E9F72535D4D200089322 /* Resources */,
			);
			buildRules = (
			);
			dependencies = (
				06C1E9FB2535D4D200089322 /* PBXTargetDependency */,
			);
			name = CovidAppTests;
			productName = CovidAppTests;
			productReference = 06C1E9F92535D4D200089322 /* CovidAppTests.xctest */;
			productType = "com.apple.product-type.bundle.unit-test";
		};
		06C1EA032535D4D200089322 /* CovidAppUITests */ = {
			isa = PBXNativeTarget;
			buildConfigurationList = 06C1EA132535D4D200089322 /* Build configuration list for PBXNativeTarget "CovidAppUITests" */;
			buildPhases = (
				06C1EA002535D4D200089322 /* Sources */,
				06C1EA012535D4D200089322 /* Frameworks */,
				06C1EA022535D4D200089322 /* Resources */,
			);
			buildRules = (
			);
			dependencies = (
				06C1EA062535D4D200089322 /* PBXTargetDependency */,
			);
			name = CovidAppUITests;
			productName = CovidAppUITests;
			productReference = 06C1EA042535D4D200089322 /* CovidAppUITests.xctest */;
			productType = "com.apple.product-type.bundle.ui-testing";
		};
/* End PBXNativeTarget section */

/* Begin PBXProject section */
		06C1E9D82535D4D100089322 /* Project object */ = {
			isa = PBXProject;
			attributes = {
				LastSwiftUpdateCheck = 1200;
				LastUpgradeCheck = 1200;
				TargetAttributes = {
					06C1E9DF2535D4D100089322 = {
						CreatedOnToolsVersion = 12.0.1;
					};
					06C1E9F82535D4D200089322 = {
						CreatedOnToolsVersion = 12.0.1;
						TestTargetID = 06C1E9DF2535D4D100089322;
					};
					06C1EA032535D4D200089322 = {
						CreatedOnToolsVersion = 12.0.1;
						TestTargetID = 06C1E9DF2535D4D100089322;
					};
				};
			};
			buildConfigurationList = 06C1E9DB2535D4D100089322 /* Build configuration list for PBXProject "CovidApp" */;
			compatibilityVersion = "Xcode 9.3";
			developmentRegion = en;
			hasScannedForEncodings = 0;
			knownRegions = (
				en,
				Base,
			);
			mainGroup = 06C1E9D72535D4D100089322;
			productRefGroup = 06C1E9E12535D4D100089322 /* Products */;
			projectDirPath = "";
			projectRoot = "";
			targets = (
				06C1E9DF2535D4D100089322 /* CovidApp */,
				06C1E9F82535D4D200089322 /* CovidAppTests */,
				06C1EA032535D4D200089322 /* CovidAppUITests */,
			);
		};
/* End PBXProject section */

/* Begin PBXResourcesBuildPhase section */
		06C1E9DE2535D4D100089322 /* Resources */ = {
			isa = PBXResourcesBuildPhase;
			buildActionMask = 2147483647;
			files = (
				06C1E9F32535D4D200089322 /* LaunchScreen.storyboard in Resources */,
				06C1E9F02535D4D200089322 /* Assets.xcassets in Resources */,
				068EE2062538A76300534CF8 /* SummaryCollectionViewCell.xib in Resources */,
				06C1E9EB2535D4D100089322 /* Main.storyboard in Resources */,
				068EE2182538B5C500534CF8 /* ConfirmedCollectionViewCell.xib in Resources */,
				063B3D5425387C7300CC62C6 /* SummariesView.xib in Resources */,
				068EE20B2538B45000534CF8 /* DetailsView.xib in Resources */,
			);
			runOnlyForDeploymentPostprocessing = 0;
		};
		06C1E9F72535D4D200089322 /* Resources */ = {
			isa = PBXResourcesBuildPhase;
			buildActionMask = 2147483647;
			files = (
			);
			runOnlyForDeploymentPostprocessing = 0;
		};
		06C1EA022535D4D200089322 /* Resources */ = {
			isa = PBXResourcesBuildPhase;
			buildActionMask = 2147483647;
			files = (
			);
			runOnlyForDeploymentPostprocessing = 0;
		};
/* End PBXResourcesBuildPhase section */

/* Begin PBXSourcesBuildPhase section */
		06C1E9DC2535D4D100089322 /* Sources */ = {
			isa = PBXSourcesBuildPhase;
			buildActionMask = 2147483647;
			files = (
				06091EF3253758AA00654ED2 /* FetchSummariesApiRequest.swift in Sources */,
				06091F3E25378D3E00654ED2 /* SummariesFetchingUseCase.swift in Sources */,
				06C829B72536F6FB00429BA6 /* DBConfirmedEntity+CoreDataClass.swift in Sources */,
				06C1E9E82535D4D100089322 /* SummariesViewController.swift in Sources */,
				06C829B52536F6FB00429BA6 /* DBCovidDetailsEntity+CoreDataClass.swift in Sources */,
				063B3D1325379DBF00CC62C6 /* SummariesConfigurator.swift in Sources */,
				06C1E9E42535D4D100089322 /* AppDelegate.swift in Sources */,
				06091F362537805300654ED2 /* CacheCovidStatGateway.swift in Sources */,
				06091F21253764F100654ED2 /* ApiServiceResponse.swift in Sources */,
				06091F2925376F6D00654ED2 /* FetchConfirmedApiResponse.swift in Sources */,
				06C1EA272535F23800089322 /* CovidStatFetchingGateway.swift in Sources */,
				063B3D4E2537B53400CC62C6 /* SummaryViewModel.swift in Sources */,
				063B3D1825379DD300CC62C6 /* SummariesPresenter.swift in Sources */,
				06091F4325378D5300654ED2 /* DetailsFetchingUseCase.swift in Sources */,
				063B3D2525379E0B00CC62C6 /* DetailsConfigurator.swift in Sources */,
				06091EEC2537418700654ED2 /* ApiService.swift in Sources */,
				06091EE725373FBB00654ED2 /* ApiCovidStatGateway.swift in Sources */,
				06C1EA4F25360A0700089322 /* PersistenceService.swift in Sources */,
				06C1EA352535F43F00089322 /* CovidDetailsEntity.swift in Sources */,
				06C829B62536F6FB00429BA6 /* DBCovidDetailsEntity+CoreDataProperties.swift in Sources */,
				06C1EA2D2535F3D200089322 /* CovidSummaryEntity.swift in Sources */,
				06C1E9E62535D4D100089322 /* SceneDelegate.swift in Sources */,
				06C1EAA12536531500089322 /* NSManagedObjectContextUtils.swift in Sources */,
				06C1E9EE2535D4D100089322 /* CovidApp.xcdatamodeld in Sources */,
				068EE21D2538B5D700534CF8 /* ConfirmedViewModel.swift in Sources */,
				06C1EA952536369800089322 /* CoreError.swift in Sources */,
				063B3D2A2537A08500CC62C6 /* DetailsParameters.swift in Sources */,
				06C829B92536F6FB00429BA6 /* DBCovidSummaryEntity+CoreDataClass.swift in Sources */,
				06C829CA2536FAA400429BA6 /* CovidStatGateway.swift in Sources */,
				068EE2392538D70B00534CF8 /* DateExtensions.swift in Sources */,
				068EE2172538B5C500534CF8 /* ConfirmedCollectionViewCell.swift in Sources */,
				06091EFE25375A5800654ED2 /* FetchConfirmedApiRequest.swift in Sources */,
				063B3D0E25379DA400CC62C6 /* SummariesRouter.swift in Sources */,
				06091F18253764D800654ED2 /* ApiServiceRequest.swift in Sources */,
				068EE2052538A76300534CF8 /* SummaryCollectionViewCell.swift in Sources */,
				06091F132537646B00654ED2 /* FetchSummariesApiResponse.swift in Sources */,
				06C829C52536FA4B00429BA6 /* CovidStatPersistingGateway.swift in Sources */,
				06091F632537964500654ED2 /* DetailsViewController.swift in Sources */,
				06C829B82536F6FB00429BA6 /* DBConfirmedEntity+CoreDataProperties.swift in Sources */,
				06091F4825378D7900654ED2 /* NotificationsStateUpdaterUseCase.swift in Sources */,
				068EE25E2538E9FD00534CF8 /* BaseNavigationController.swift in Sources */,
				06C1EA202535F20600089322 /* LocalPersistenceCovidStatGateway.swift in Sources */,
				06C829BA2536F6FB00429BA6 /* DBCovidSummaryEntity+CoreDataProperties.swift in Sources */,
				063B3D1D25379DF900CC62C6 /* DetailsPresenter.swift in Sources */,
			);
			runOnlyForDeploymentPostprocessing = 0;
		};
		06C1E9F52535D4D200089322 /* Sources */ = {
			isa = PBXSourcesBuildPhase;
			buildActionMask = 2147483647;
			files = (
				06C1E9FE2535D4D200089322 /* CovidAppTests.swift in Sources */,
			);
			runOnlyForDeploymentPostprocessing = 0;
		};
		06C1EA002535D4D200089322 /* Sources */ = {
			isa = PBXSourcesBuildPhase;
			buildActionMask = 2147483647;
			files = (
				06C1EA092535D4D200089322 /* CovidAppUITests.swift in Sources */,
			);
			runOnlyForDeploymentPostprocessing = 0;
		};
/* End PBXSourcesBuildPhase section */

/* Begin PBXTargetDependency section */
		06C1E9FB2535D4D200089322 /* PBXTargetDependency */ = {
			isa = PBXTargetDependency;
			target = 06C1E9DF2535D4D100089322 /* CovidApp */;
			targetProxy = 06C1E9FA2535D4D200089322 /* PBXContainerItemProxy */;
		};
		06C1EA062535D4D200089322 /* PBXTargetDependency */ = {
			isa = PBXTargetDependency;
			target = 06C1E9DF2535D4D100089322 /* CovidApp */;
			targetProxy = 06C1EA052535D4D200089322 /* PBXContainerItemProxy */;
		};
/* End PBXTargetDependency section */

/* Begin PBXVariantGroup section */
		06C1E9E92535D4D100089322 /* Main.storyboard */ = {
			isa = PBXVariantGroup;
			children = (
				06C1E9EA2535D4D100089322 /* Base */,
			);
			name = Main.storyboard;
			sourceTree = "<group>";
		};
		06C1E9F12535D4D200089322 /* LaunchScreen.storyboard */ = {
			isa = PBXVariantGroup;
			children = (
				06C1E9F22535D4D200089322 /* Base */,
			);
			name = LaunchScreen.storyboard;
			sourceTree = "<group>";
		};
/* End PBXVariantGroup section */

/* Begin XCBuildConfiguration section */
		06C1EA0B2535D4D200089322 /* Debug */ = {
			isa = XCBuildConfiguration;
			buildSettings = {
				ALWAYS_SEARCH_USER_PATHS = NO;
				CLANG_ANALYZER_NONNULL = YES;
				CLANG_ANALYZER_NUMBER_OBJECT_CONVERSION = YES_AGGRESSIVE;
				CLANG_CXX_LANGUAGE_STANDARD = "gnu++14";
				CLANG_CXX_LIBRARY = "libc++";
				CLANG_ENABLE_MODULES = YES;
				CLANG_ENABLE_OBJC_ARC = YES;
				CLANG_ENABLE_OBJC_WEAK = YES;
				CLANG_WARN_BLOCK_CAPTURE_AUTORELEASING = YES;
				CLANG_WARN_BOOL_CONVERSION = YES;
				CLANG_WARN_COMMA = YES;
				CLANG_WARN_CONSTANT_CONVERSION = YES;
				CLANG_WARN_DEPRECATED_OBJC_IMPLEMENTATIONS = YES;
				CLANG_WARN_DIRECT_OBJC_ISA_USAGE = YES_ERROR;
				CLANG_WARN_DOCUMENTATION_COMMENTS = YES;
				CLANG_WARN_EMPTY_BODY = YES;
				CLANG_WARN_ENUM_CONVERSION = YES;
				CLANG_WARN_INFINITE_RECURSION = YES;
				CLANG_WARN_INT_CONVERSION = YES;
				CLANG_WARN_NON_LITERAL_NULL_CONVERSION = YES;
				CLANG_WARN_OBJC_IMPLICIT_RETAIN_SELF = YES;
				CLANG_WARN_OBJC_LITERAL_CONVERSION = YES;
				CLANG_WARN_OBJC_ROOT_CLASS = YES_ERROR;
				CLANG_WARN_QUOTED_INCLUDE_IN_FRAMEWORK_HEADER = YES;
				CLANG_WARN_RANGE_LOOP_ANALYSIS = YES;
				CLANG_WARN_STRICT_PROTOTYPES = YES;
				CLANG_WARN_SUSPICIOUS_MOVE = YES;
				CLANG_WARN_UNGUARDED_AVAILABILITY = YES_AGGRESSIVE;
				CLANG_WARN_UNREACHABLE_CODE = YES;
				CLANG_WARN__DUPLICATE_METHOD_MATCH = YES;
				COPY_PHASE_STRIP = NO;
				DEBUG_INFORMATION_FORMAT = dwarf;
				ENABLE_STRICT_OBJC_MSGSEND = YES;
				ENABLE_TESTABILITY = YES;
				GCC_C_LANGUAGE_STANDARD = gnu11;
				GCC_DYNAMIC_NO_PIC = NO;
				GCC_NO_COMMON_BLOCKS = YES;
				GCC_OPTIMIZATION_LEVEL = 0;
				GCC_PREPROCESSOR_DEFINITIONS = (
					"DEBUG=1",
					"$(inherited)",
				);
				GCC_WARN_64_TO_32_BIT_CONVERSION = YES;
				GCC_WARN_ABOUT_RETURN_TYPE = YES_ERROR;
				GCC_WARN_UNDECLARED_SELECTOR = YES;
				GCC_WARN_UNINITIALIZED_AUTOS = YES_AGGRESSIVE;
				GCC_WARN_UNUSED_FUNCTION = YES;
				GCC_WARN_UNUSED_VARIABLE = YES;
				IPHONEOS_DEPLOYMENT_TARGET = 14.0;
				MTL_ENABLE_DEBUG_INFO = INCLUDE_SOURCE;
				MTL_FAST_MATH = YES;
				ONLY_ACTIVE_ARCH = YES;
				SDKROOT = iphoneos;
				SWIFT_ACTIVE_COMPILATION_CONDITIONS = DEBUG;
				SWIFT_OPTIMIZATION_LEVEL = "-Onone";
			};
			name = Debug;
		};
		06C1EA0C2535D4D200089322 /* Release */ = {
			isa = XCBuildConfiguration;
			buildSettings = {
				ALWAYS_SEARCH_USER_PATHS = NO;
				CLANG_ANALYZER_NONNULL = YES;
				CLANG_ANALYZER_NUMBER_OBJECT_CONVERSION = YES_AGGRESSIVE;
				CLANG_CXX_LANGUAGE_STANDARD = "gnu++14";
				CLANG_CXX_LIBRARY = "libc++";
				CLANG_ENABLE_MODULES = YES;
				CLANG_ENABLE_OBJC_ARC = YES;
				CLANG_ENABLE_OBJC_WEAK = YES;
				CLANG_WARN_BLOCK_CAPTURE_AUTORELEASING = YES;
				CLANG_WARN_BOOL_CONVERSION = YES;
				CLANG_WARN_COMMA = YES;
				CLANG_WARN_CONSTANT_CONVERSION = YES;
				CLANG_WARN_DEPRECATED_OBJC_IMPLEMENTATIONS = YES;
				CLANG_WARN_DIRECT_OBJC_ISA_USAGE = YES_ERROR;
				CLANG_WARN_DOCUMENTATION_COMMENTS = YES;
				CLANG_WARN_EMPTY_BODY = YES;
				CLANG_WARN_ENUM_CONVERSION = YES;
				CLANG_WARN_INFINITE_RECURSION = YES;
				CLANG_WARN_INT_CONVERSION = YES;
				CLANG_WARN_NON_LITERAL_NULL_CONVERSION = YES;
				CLANG_WARN_OBJC_IMPLICIT_RETAIN_SELF = YES;
				CLANG_WARN_OBJC_LITERAL_CONVERSION = YES;
				CLANG_WARN_OBJC_ROOT_CLASS = YES_ERROR;
				CLANG_WARN_QUOTED_INCLUDE_IN_FRAMEWORK_HEADER = YES;
				CLANG_WARN_RANGE_LOOP_ANALYSIS = YES;
				CLANG_WARN_STRICT_PROTOTYPES = YES;
				CLANG_WARN_SUSPICIOUS_MOVE = YES;
				CLANG_WARN_UNGUARDED_AVAILABILITY = YES_AGGRESSIVE;
				CLANG_WARN_UNREACHABLE_CODE = YES;
				CLANG_WARN__DUPLICATE_METHOD_MATCH = YES;
				COPY_PHASE_STRIP = NO;
				DEBUG_INFORMATION_FORMAT = "dwarf-with-dsym";
				ENABLE_NS_ASSERTIONS = NO;
				ENABLE_STRICT_OBJC_MSGSEND = YES;
				GCC_C_LANGUAGE_STANDARD = gnu11;
				GCC_NO_COMMON_BLOCKS = YES;
				GCC_WARN_64_TO_32_BIT_CONVERSION = YES;
				GCC_WARN_ABOUT_RETURN_TYPE = YES_ERROR;
				GCC_WARN_UNDECLARED_SELECTOR = YES;
				GCC_WARN_UNINITIALIZED_AUTOS = YES_AGGRESSIVE;
				GCC_WARN_UNUSED_FUNCTION = YES;
				GCC_WARN_UNUSED_VARIABLE = YES;
				IPHONEOS_DEPLOYMENT_TARGET = 14.0;
				MTL_ENABLE_DEBUG_INFO = NO;
				MTL_FAST_MATH = YES;
				SDKROOT = iphoneos;
				SWIFT_COMPILATION_MODE = wholemodule;
				SWIFT_OPTIMIZATION_LEVEL = "-O";
				VALIDATE_PRODUCT = YES;
			};
			name = Release;
		};
		06C1EA0E2535D4D200089322 /* Debug */ = {
			isa = XCBuildConfiguration;
			buildSettings = {
				ASSETCATALOG_COMPILER_APPICON_NAME = AppIcon;
				ASSETCATALOG_COMPILER_GLOBAL_ACCENT_COLOR_NAME = AccentColor;
				CODE_SIGN_STYLE = Automatic;
				DEVELOPMENT_TEAM = VVMR5U8GJC;
				INFOPLIST_FILE = CovidApp/Info.plist;
				IPHONEOS_DEPLOYMENT_TARGET = 13.0;
				LD_RUNPATH_SEARCH_PATHS = (
					"$(inherited)",
					"@executable_path/Frameworks",
				);
				PRODUCT_BUNDLE_IDENTIFIER = ge.gkrat17.ios.CovidApp;
				PRODUCT_NAME = "$(TARGET_NAME)";
				SWIFT_VERSION = 5.0;
				TARGETED_DEVICE_FAMILY = "1,2";
			};
			name = Debug;
		};
		06C1EA0F2535D4D200089322 /* Release */ = {
			isa = XCBuildConfiguration;
			buildSettings = {
				ASSETCATALOG_COMPILER_APPICON_NAME = AppIcon;
				ASSETCATALOG_COMPILER_GLOBAL_ACCENT_COLOR_NAME = AccentColor;
				CODE_SIGN_STYLE = Automatic;
				DEVELOPMENT_TEAM = VVMR5U8GJC;
				INFOPLIST_FILE = CovidApp/Info.plist;
				IPHONEOS_DEPLOYMENT_TARGET = 13.0;
				LD_RUNPATH_SEARCH_PATHS = (
					"$(inherited)",
					"@executable_path/Frameworks",
				);
				PRODUCT_BUNDLE_IDENTIFIER = ge.gkrat17.ios.CovidApp;
				PRODUCT_NAME = "$(TARGET_NAME)";
				SWIFT_VERSION = 5.0;
				TARGETED_DEVICE_FAMILY = "1,2";
			};
			name = Release;
		};
		06C1EA112535D4D200089322 /* Debug */ = {
			isa = XCBuildConfiguration;
			buildSettings = {
				ALWAYS_EMBED_SWIFT_STANDARD_LIBRARIES = YES;
				BUNDLE_LOADER = "$(TEST_HOST)";
				CODE_SIGN_STYLE = Automatic;
				DEVELOPMENT_TEAM = VVMR5U8GJC;
				INFOPLIST_FILE = CovidAppTests/Info.plist;
				IPHONEOS_DEPLOYMENT_TARGET = 14.0;
				LD_RUNPATH_SEARCH_PATHS = (
					"$(inherited)",
					"@executable_path/Frameworks",
					"@loader_path/Frameworks",
				);
				PRODUCT_BUNDLE_IDENTIFIER = ge.gkrat17.ios.CovidAppTests;
				PRODUCT_NAME = "$(TARGET_NAME)";
				SWIFT_VERSION = 5.0;
				TARGETED_DEVICE_FAMILY = "1,2";
				TEST_HOST = "$(BUILT_PRODUCTS_DIR)/CovidApp.app/CovidApp";
			};
			name = Debug;
		};
		06C1EA122535D4D200089322 /* Release */ = {
			isa = XCBuildConfiguration;
			buildSettings = {
				ALWAYS_EMBED_SWIFT_STANDARD_LIBRARIES = YES;
				BUNDLE_LOADER = "$(TEST_HOST)";
				CODE_SIGN_STYLE = Automatic;
				DEVELOPMENT_TEAM = VVMR5U8GJC;
				INFOPLIST_FILE = CovidAppTests/Info.plist;
				IPHONEOS_DEPLOYMENT_TARGET = 14.0;
				LD_RUNPATH_SEARCH_PATHS = (
					"$(inherited)",
					"@executable_path/Frameworks",
					"@loader_path/Frameworks",
				);
				PRODUCT_BUNDLE_IDENTIFIER = ge.gkrat17.ios.CovidAppTests;
				PRODUCT_NAME = "$(TARGET_NAME)";
				SWIFT_VERSION = 5.0;
				TARGETED_DEVICE_FAMILY = "1,2";
				TEST_HOST = "$(BUILT_PRODUCTS_DIR)/CovidApp.app/CovidApp";
			};
			name = Release;
		};
		06C1EA142535D4D200089322 /* Debug */ = {
			isa = XCBuildConfiguration;
			buildSettings = {
				ALWAYS_EMBED_SWIFT_STANDARD_LIBRARIES = YES;
				CODE_SIGN_STYLE = Automatic;
				DEVELOPMENT_TEAM = VVMR5U8GJC;
				INFOPLIST_FILE = CovidAppUITests/Info.plist;
				LD_RUNPATH_SEARCH_PATHS = (
					"$(inherited)",
					"@executable_path/Frameworks",
					"@loader_path/Frameworks",
				);
				PRODUCT_BUNDLE_IDENTIFIER = ge.gkrat17.ios.CovidAppUITests;
				PRODUCT_NAME = "$(TARGET_NAME)";
				SWIFT_VERSION = 5.0;
				TARGETED_DEVICE_FAMILY = "1,2";
				TEST_TARGET_NAME = CovidApp;
			};
			name = Debug;
		};
		06C1EA152535D4D200089322 /* Release */ = {
			isa = XCBuildConfiguration;
			buildSettings = {
				ALWAYS_EMBED_SWIFT_STANDARD_LIBRARIES = YES;
				CODE_SIGN_STYLE = Automatic;
				DEVELOPMENT_TEAM = VVMR5U8GJC;
				INFOPLIST_FILE = CovidAppUITests/Info.plist;
				LD_RUNPATH_SEARCH_PATHS = (
					"$(inherited)",
					"@executable_path/Frameworks",
					"@loader_path/Frameworks",
				);
				PRODUCT_BUNDLE_IDENTIFIER = ge.gkrat17.ios.CovidAppUITests;
				PRODUCT_NAME = "$(TARGET_NAME)";
				SWIFT_VERSION = 5.0;
				TARGETED_DEVICE_FAMILY = "1,2";
				TEST_TARGET_NAME = CovidApp;
			};
			name = Release;
		};
/* End XCBuildConfiguration section */

/* Begin XCConfigurationList section */
		06C1E9DB2535D4D100089322 /* Build configuration list for PBXProject "CovidApp" */ = {
			isa = XCConfigurationList;
			buildConfigurations = (
				06C1EA0B2535D4D200089322 /* Debug */,
				06C1EA0C2535D4D200089322 /* Release */,
			);
			defaultConfigurationIsVisible = 0;
			defaultConfigurationName = Release;
		};
		06C1EA0D2535D4D200089322 /* Build configuration list for PBXNativeTarget "CovidApp" */ = {
			isa = XCConfigurationList;
			buildConfigurations = (
				06C1EA0E2535D4D200089322 /* Debug */,
				06C1EA0F2535D4D200089322 /* Release */,
			);
			defaultConfigurationIsVisible = 0;
			defaultConfigurationName = Release;
		};
		06C1EA102535D4D200089322 /* Build configuration list for PBXNativeTarget "CovidAppTests" */ = {
			isa = XCConfigurationList;
			buildConfigurations = (
				06C1EA112535D4D200089322 /* Debug */,
				06C1EA122535D4D200089322 /* Release */,
			);
			defaultConfigurationIsVisible = 0;
			defaultConfigurationName = Release;
		};
		06C1EA132535D4D200089322 /* Build configuration list for PBXNativeTarget "CovidAppUITests" */ = {
			isa = XCConfigurationList;
			buildConfigurations = (
				06C1EA142535D4D200089322 /* Debug */,
				06C1EA152535D4D200089322 /* Release */,
			);
			defaultConfigurationIsVisible = 0;
			defaultConfigurationName = Release;
		};
/* End XCConfigurationList section */

/* Begin XCVersionGroup section */
		06C1E9EC2535D4D100089322 /* CovidApp.xcdatamodeld */ = {
			isa = XCVersionGroup;
			children = (
				06C1E9ED2535D4D100089322 /* CovidApp.xcdatamodel */,
			);
			currentVersion = 06C1E9ED2535D4D100089322 /* CovidApp.xcdatamodel */;
			path = CovidApp.xcdatamodeld;
			sourceTree = "<group>";
			versionGroupType = wrapper.xcdatamodel;
		};
/* End XCVersionGroup section */
	};
	rootObject = 06C1E9D82535D4D100089322 /* Project object */;
}
